# THIS IS AN AUTOGENERATED FILE. DO NOT EDIT THIS FILE DIRECTLY.
# yarn lockfile v1


"@msic89/toastly@^1.0.4":
  version "1.0.4"
  resolved "https://registry.yarnpkg.com/@msic89/toastly/-/toastly-1.0.4.tgz#9bc6f8c0c175e13ac943d7b5309a5f13dbb31b20"
  integrity sha512-NjNH8rvzqAbMuR+w0twug2krzKyXRA1YCqq62K+y7VEhmzfmmaqzpmQqQxG8cp2C4vN0x7nV1EUvnCm4uRg7OA==
